// !$*UTF8*$!
{
	archiveVersion = 1;
	classes = {
	};
	objectVersion = 51;
	objects = {

/* Begin PBXBuildFile section */
		300DD6A3D5D9EDD5F1CDC509 /* Pods_hepsiexpress_hepsiexpressUITests.framework in Frameworks */ = {isa = PBXBuildFile; fileRef = 09978396B3DA97081D5EF126 /* Pods_hepsiexpress_hepsiexpressUITests.framework */; };
		43F83CB77E7DB164D283A8DC /* Pods_hepsiexpressTests.framework in Frameworks */ = {isa = PBXBuildFile; fileRef = D1E49A807EAAB5890F00BDE3 /* Pods_hepsiexpressTests.framework */; };
		5BBC199343925990E2BB1FF5 /* Pods_hepsiexpress.framework in Frameworks */ = {isa = PBXBuildFile; fileRef = 570DC3AAA384F27B538A4BC5 /* Pods_hepsiexpress.framework */; };
		8456541D26590F2400CEAE96 /* MainViewModel.swift in Sources */ = {isa = PBXBuildFile; fileRef = 8456541C26590F2400CEAE96 /* MainViewModel.swift */; };
		8456541F2659146B00CEAE96 /* ObjectPairingService.swift in Sources */ = {isa = PBXBuildFile; fileRef = 8456541E2659146B00CEAE96 /* ObjectPairingService.swift */; };
		8456542226596F7500CEAE96 /* HotDealTableViewCell.swift in Sources */ = {isa = PBXBuildFile; fileRef = 8456542126596F7500CEAE96 /* HotDealTableViewCell.swift */; };
		8456542426596FAB00CEAE96 /* BannerTableViewCell.swift in Sources */ = {isa = PBXBuildFile; fileRef = 8456542326596FAB00CEAE96 /* BannerTableViewCell.swift */; };
		84565426265A615D00CEAE96 /* CommonPageRequest.swift in Sources */ = {isa = PBXBuildFile; fileRef = 84565425265A615D00CEAE96 /* CommonPageRequest.swift */; };
		84565428265A61A000CEAE96 /* RequestBodyConvertable.swift in Sources */ = {isa = PBXBuildFile; fileRef = 84565427265A61A000CEAE96 /* RequestBodyConvertable.swift */; };
		8456542A265A61C500CEAE96 /* ObjectConverterService.swift in Sources */ = {isa = PBXBuildFile; fileRef = 84565429265A61C500CEAE96 /* ObjectConverterService.swift */; };
		8456542C265AA00F00CEAE96 /* String+Extension.swift in Sources */ = {isa = PBXBuildFile; fileRef = 8456542B265AA00F00CEAE96 /* String+Extension.swift */; };
		846A5F062658269A00BAD564 /* AppDelegate.swift in Sources */ = {isa = PBXBuildFile; fileRef = 846A5F052658269A00BAD564 /* AppDelegate.swift */; };
		846A5F0F2658269B00BAD564 /* Assets.xcassets in Resources */ = {isa = PBXBuildFile; fileRef = 846A5F0E2658269B00BAD564 /* Assets.xcassets */; };
		846A5F122658269B00BAD564 /* LaunchScreen.storyboard in Resources */ = {isa = PBXBuildFile; fileRef = 846A5F102658269B00BAD564 /* LaunchScreen.storyboard */; };
		846A5F1D2658269B00BAD564 /* hepsiexpressTests.swift in Sources */ = {isa = PBXBuildFile; fileRef = 846A5F1C2658269B00BAD564 /* hepsiexpressTests.swift */; };
		846A5F282658269B00BAD564 /* hepsiexpressUITests.swift in Sources */ = {isa = PBXBuildFile; fileRef = 846A5F272658269B00BAD564 /* hepsiexpressUITests.swift */; };
		84C77ECC265829C900E014FB /* MainViewController.swift in Sources */ = {isa = PBXBuildFile; fileRef = 84C77ECB265829C900E014FB /* MainViewController.swift */; };
		84C77ED526582D8500E014FB /* CampaignsViewController.swift in Sources */ = {isa = PBXBuildFile; fileRef = 84C77ED426582D8500E014FB /* CampaignsViewController.swift */; };
		84C77ED726582D8F00E014FB /* CampaignsViewModel.swift in Sources */ = {isa = PBXBuildFile; fileRef = 84C77ED626582D8F00E014FB /* CampaignsViewModel.swift */; };
		84C77EDA26582DC700E014FB /* BaseViewController.swift in Sources */ = {isa = PBXBuildFile; fileRef = 84C77ED926582DC700E014FB /* BaseViewController.swift */; };
		84C77EDC26582DCE00E014FB /* BaseViewModel.swift in Sources */ = {isa = PBXBuildFile; fileRef = 84C77EDB26582DCE00E014FB /* BaseViewModel.swift */; };
		84C77EDE2658785000E014FB /* BaseAPI.swift in Sources */ = {isa = PBXBuildFile; fileRef = 84C77EDD2658785000E014FB /* BaseAPI.swift */; };
		84C77EE026590A8A00E014FB /* CampaignsAPI.swift in Sources */ = {isa = PBXBuildFile; fileRef = 84C77EDF26590A8A00E014FB /* CampaignsAPI.swift */; };
		84C77EE226590B3100E014FB /* CampaignResponse.swift in Sources */ = {isa = PBXBuildFile; fileRef = 84C77EE126590B3100E014FB /* CampaignResponse.swift */; };
/* End PBXBuildFile section */

/* Begin PBXContainerItemProxy section */
		846A5F192658269B00BAD564 /* PBXContainerItemProxy */ = {
			isa = PBXContainerItemProxy;
			containerPortal = 846A5EFA2658269A00BAD564 /* Project object */;
			proxyType = 1;
			remoteGlobalIDString = 846A5F012658269A00BAD564;
			remoteInfo = hepsiexpress;
		};
		846A5F242658269B00BAD564 /* PBXContainerItemProxy */ = {
			isa = PBXContainerItemProxy;
			containerPortal = 846A5EFA2658269A00BAD564 /* Project object */;
			proxyType = 1;
			remoteGlobalIDString = 846A5F012658269A00BAD564;
			remoteInfo = hepsiexpress;
		};
/* End PBXContainerItemProxy section */

/* Begin PBXFileReference section */
		01B8995A6CF9710482DE9743 /* Pods-hepsiexpress-hepsiexpressUITests.release.xcconfig */ = {isa = PBXFileReference; includeInIndex = 1; lastKnownFileType = text.xcconfig; name = "Pods-hepsiexpress-hepsiexpressUITests.release.xcconfig"; path = "Target Support Files/Pods-hepsiexpress-hepsiexpressUITests/Pods-hepsiexpress-hepsiexpressUITests.release.xcconfig"; sourceTree = "<group>"; };
		09978396B3DA97081D5EF126 /* Pods_hepsiexpress_hepsiexpressUITests.framework */ = {isa = PBXFileReference; explicitFileType = wrapper.framework; includeInIndex = 0; path = Pods_hepsiexpress_hepsiexpressUITests.framework; sourceTree = BUILT_PRODUCTS_DIR; };
		387FEA4011401791B9A53734 /* Pods-hepsiexpress.release.xcconfig */ = {isa = PBXFileReference; includeInIndex = 1; lastKnownFileType = text.xcconfig; name = "Pods-hepsiexpress.release.xcconfig"; path = "Target Support Files/Pods-hepsiexpress/Pods-hepsiexpress.release.xcconfig"; sourceTree = "<group>"; };
		3A514084AE9FC05077E95075 /* Pods-hepsiexpress-hepsiexpressUITests.debug.xcconfig */ = {isa = PBXFileReference; includeInIndex = 1; lastKnownFileType = text.xcconfig; name = "Pods-hepsiexpress-hepsiexpressUITests.debug.xcconfig"; path = "Target Support Files/Pods-hepsiexpress-hepsiexpressUITests/Pods-hepsiexpress-hepsiexpressUITests.debug.xcconfig"; sourceTree = "<group>"; };
		570DC3AAA384F27B538A4BC5 /* Pods_hepsiexpress.framework */ = {isa = PBXFileReference; explicitFileType = wrapper.framework; includeInIndex = 0; path = Pods_hepsiexpress.framework; sourceTree = BUILT_PRODUCTS_DIR; };
		8456541C26590F2400CEAE96 /* MainViewModel.swift */ = {isa = PBXFileReference; lastKnownFileType = sourcecode.swift; path = MainViewModel.swift; sourceTree = "<group>"; };
		8456541E2659146B00CEAE96 /* ObjectPairingService.swift */ = {isa = PBXFileReference; lastKnownFileType = sourcecode.swift; path = ObjectPairingService.swift; sourceTree = "<group>"; };
		8456542126596F7500CEAE96 /* HotDealTableViewCell.swift */ = {isa = PBXFileReference; lastKnownFileType = sourcecode.swift; path = HotDealTableViewCell.swift; sourceTree = "<group>"; };
		8456542326596FAB00CEAE96 /* BannerTableViewCell.swift */ = {isa = PBXFileReference; lastKnownFileType = sourcecode.swift; path = BannerTableViewCell.swift; sourceTree = "<group>"; };
		84565425265A615D00CEAE96 /* CommonPageRequest.swift */ = {isa = PBXFileReference; lastKnownFileType = sourcecode.swift; path = CommonPageRequest.swift; sourceTree = "<group>"; };
		84565427265A61A000CEAE96 /* RequestBodyConvertable.swift */ = {isa = PBXFileReference; lastKnownFileType = sourcecode.swift; path = RequestBodyConvertable.swift; sourceTree = "<group>"; };
		84565429265A61C500CEAE96 /* ObjectConverterService.swift */ = {isa = PBXFileReference; lastKnownFileType = sourcecode.swift; path = ObjectConverterService.swift; sourceTree = "<group>"; };
		8456542B265AA00F00CEAE96 /* String+Extension.swift */ = {isa = PBXFileReference; lastKnownFileType = sourcecode.swift; path = "String+Extension.swift"; sourceTree = "<group>"; };
		846A5F022658269A00BAD564 /* hepsiexpress.app */ = {isa = PBXFileReference; explicitFileType = wrapper.application; includeInIndex = 0; path = hepsiexpress.app; sourceTree = BUILT_PRODUCTS_DIR; };
		846A5F052658269A00BAD564 /* AppDelegate.swift */ = {isa = PBXFileReference; lastKnownFileType = sourcecode.swift; path = AppDelegate.swift; sourceTree = "<group>"; };
		846A5F0E2658269B00BAD564 /* Assets.xcassets */ = {isa = PBXFileReference; lastKnownFileType = folder.assetcatalog; path = Assets.xcassets; sourceTree = "<group>"; };
		846A5F112658269B00BAD564 /* Base */ = {isa = PBXFileReference; lastKnownFileType = file.storyboard; name = Base; path = Base.lproj/LaunchScreen.storyboard; sourceTree = "<group>"; };
		846A5F132658269B00BAD564 /* Info.plist */ = {isa = PBXFileReference; lastKnownFileType = text.plist.xml; path = Info.plist; sourceTree = "<group>"; };
		846A5F182658269B00BAD564 /* hepsiexpressTests.xctest */ = {isa = PBXFileReference; explicitFileType = wrapper.cfbundle; includeInIndex = 0; path = hepsiexpressTests.xctest; sourceTree = BUILT_PRODUCTS_DIR; };
		846A5F1C2658269B00BAD564 /* hepsiexpressTests.swift */ = {isa = PBXFileReference; lastKnownFileType = sourcecode.swift; path = hepsiexpressTests.swift; sourceTree = "<group>"; };
		846A5F1E2658269B00BAD564 /* Info.plist */ = {isa = PBXFileReference; lastKnownFileType = text.plist.xml; path = Info.plist; sourceTree = "<group>"; };
		846A5F232658269B00BAD564 /* hepsiexpressUITests.xctest */ = {isa = PBXFileReference; explicitFileType = wrapper.cfbundle; includeInIndex = 0; path = hepsiexpressUITests.xctest; sourceTree = BUILT_PRODUCTS_DIR; };
		846A5F272658269B00BAD564 /* hepsiexpressUITests.swift */ = {isa = PBXFileReference; lastKnownFileType = sourcecode.swift; path = hepsiexpressUITests.swift; sourceTree = "<group>"; };
		846A5F292658269B00BAD564 /* Info.plist */ = {isa = PBXFileReference; lastKnownFileType = text.plist.xml; path = Info.plist; sourceTree = "<group>"; };
		84C77ECB265829C900E014FB /* MainViewController.swift */ = {isa = PBXFileReference; lastKnownFileType = sourcecode.swift; path = MainViewController.swift; sourceTree = "<group>"; };
		84C77ED426582D8500E014FB /* CampaignsViewController.swift */ = {isa = PBXFileReference; lastKnownFileType = sourcecode.swift; path = CampaignsViewController.swift; sourceTree = "<group>"; };
		84C77ED626582D8F00E014FB /* CampaignsViewModel.swift */ = {isa = PBXFileReference; lastKnownFileType = sourcecode.swift; path = CampaignsViewModel.swift; sourceTree = "<group>"; };
		84C77ED926582DC700E014FB /* BaseViewController.swift */ = {isa = PBXFileReference; lastKnownFileType = sourcecode.swift; path = BaseViewController.swift; sourceTree = "<group>"; };
		84C77EDB26582DCE00E014FB /* BaseViewModel.swift */ = {isa = PBXFileReference; lastKnownFileType = sourcecode.swift; path = BaseViewModel.swift; sourceTree = "<group>"; };
		84C77EDD2658785000E014FB /* BaseAPI.swift */ = {isa = PBXFileReference; lastKnownFileType = sourcecode.swift; path = BaseAPI.swift; sourceTree = "<group>"; };
		84C77EDF26590A8A00E014FB /* CampaignsAPI.swift */ = {isa = PBXFileReference; lastKnownFileType = sourcecode.swift; path = CampaignsAPI.swift; sourceTree = "<group>"; };
		84C77EE126590B3100E014FB /* CampaignResponse.swift */ = {isa = PBXFileReference; lastKnownFileType = sourcecode.swift; path = CampaignResponse.swift; sourceTree = "<group>"; };
		932BDCCF4DB0DB8D8349A535 /* Pods-hepsiexpress.debug.xcconfig */ = {isa = PBXFileReference; includeInIndex = 1; lastKnownFileType = text.xcconfig; name = "Pods-hepsiexpress.debug.xcconfig"; path = "Target Support Files/Pods-hepsiexpress/Pods-hepsiexpress.debug.xcconfig"; sourceTree = "<group>"; };
		A378B1CB09357DF73A6F9F8E /* Pods-hepsiexpressTests.release.xcconfig */ = {isa = PBXFileReference; includeInIndex = 1; lastKnownFileType = text.xcconfig; name = "Pods-hepsiexpressTests.release.xcconfig"; path = "Target Support Files/Pods-hepsiexpressTests/Pods-hepsiexpressTests.release.xcconfig"; sourceTree = "<group>"; };
		D1E49A807EAAB5890F00BDE3 /* Pods_hepsiexpressTests.framework */ = {isa = PBXFileReference; explicitFileType = wrapper.framework; includeInIndex = 0; path = Pods_hepsiexpressTests.framework; sourceTree = BUILT_PRODUCTS_DIR; };
		F2BC4A66166F2612A8927E17 /* Pods-hepsiexpressTests.debug.xcconfig */ = {isa = PBXFileReference; includeInIndex = 1; lastKnownFileType = text.xcconfig; name = "Pods-hepsiexpressTests.debug.xcconfig"; path = "Target Support Files/Pods-hepsiexpressTests/Pods-hepsiexpressTests.debug.xcconfig"; sourceTree = "<group>"; };
/* End PBXFileReference section */

/* Begin PBXFrameworksBuildPhase section */
		846A5EFF2658269A00BAD564 /* Frameworks */ = {
			isa = PBXFrameworksBuildPhase;
			buildActionMask = 2147483647;
			files = (
				5BBC199343925990E2BB1FF5 /* Pods_hepsiexpress.framework in Frameworks */,
			);
			runOnlyForDeploymentPostprocessing = 0;
		};
		846A5F152658269B00BAD564 /* Frameworks */ = {
			isa = PBXFrameworksBuildPhase;
			buildActionMask = 2147483647;
			files = (
				43F83CB77E7DB164D283A8DC /* Pods_hepsiexpressTests.framework in Frameworks */,
			);
			runOnlyForDeploymentPostprocessing = 0;
		};
		846A5F202658269B00BAD564 /* Frameworks */ = {
			isa = PBXFrameworksBuildPhase;
			buildActionMask = 2147483647;
			files = (
				300DD6A3D5D9EDD5F1CDC509 /* Pods_hepsiexpress_hepsiexpressUITests.framework in Frameworks */,
			);
			runOnlyForDeploymentPostprocessing = 0;
		};
/* End PBXFrameworksBuildPhase section */

/* Begin PBXGroup section */
		1F775285D8D58BF53FE086DA /* Pods */ = {
			isa = PBXGroup;
			children = (
				932BDCCF4DB0DB8D8349A535 /* Pods-hepsiexpress.debug.xcconfig */,
				387FEA4011401791B9A53734 /* Pods-hepsiexpress.release.xcconfig */,
				3A514084AE9FC05077E95075 /* Pods-hepsiexpress-hepsiexpressUITests.debug.xcconfig */,
				01B8995A6CF9710482DE9743 /* Pods-hepsiexpress-hepsiexpressUITests.release.xcconfig */,
				F2BC4A66166F2612A8927E17 /* Pods-hepsiexpressTests.debug.xcconfig */,
				A378B1CB09357DF73A6F9F8E /* Pods-hepsiexpressTests.release.xcconfig */,
			);
			path = Pods;
			sourceTree = "<group>";
		};
		8456542026596F6800CEAE96 /* Cells */ = {
			isa = PBXGroup;
			children = (
				8456542326596FAB00CEAE96 /* BannerTableViewCell.swift */,
				8456542126596F7500CEAE96 /* HotDealTableViewCell.swift */,
			);
			path = Cells;
			sourceTree = "<group>";
		};
		846A5EF92658269A00BAD564 = {
			isa = PBXGroup;
			children = (
				846A5F042658269A00BAD564 /* hepsiexpress */,
				846A5F1B2658269B00BAD564 /* hepsiexpressTests */,
				846A5F262658269B00BAD564 /* hepsiexpressUITests */,
				846A5F032658269A00BAD564 /* Products */,
				1F775285D8D58BF53FE086DA /* Pods */,
				FBDB3C6F07CF01E203A7D2D7 /* Frameworks */,
			);
			sourceTree = "<group>";
		};
		846A5F032658269A00BAD564 /* Products */ = {
			isa = PBXGroup;
			children = (
				846A5F022658269A00BAD564 /* hepsiexpress.app */,
				846A5F182658269B00BAD564 /* hepsiexpressTests.xctest */,
				846A5F232658269B00BAD564 /* hepsiexpressUITests.xctest */,
			);
			name = Products;
			sourceTree = "<group>";
		};
		846A5F042658269A00BAD564 /* hepsiexpress */ = {
			isa = PBXGroup;
			children = (
				84C77EC82658299C00E014FB /* AppDelegate */,
				84C77ED826582DBB00E014FB /* BaseClasses */,
				84C77ECD26582A9400E014FB /* Networking */,
				84C77ED126582AC800E014FB /* Services */,
				84C77EC9265829AF00E014FB /* Application */,
				84C77ED226582AE000E014FB /* Extensions */,
				84C77EC7265826FA00E014FB /* Resources */,
			);
			path = hepsiexpress;
			sourceTree = "<group>";
		};
		846A5F1B2658269B00BAD564 /* hepsiexpressTests */ = {
			isa = PBXGroup;
			children = (
				846A5F1C2658269B00BAD564 /* hepsiexpressTests.swift */,
				846A5F1E2658269B00BAD564 /* Info.plist */,
			);
			path = hepsiexpressTests;
			sourceTree = "<group>";
		};
		846A5F262658269B00BAD564 /* hepsiexpressUITests */ = {
			isa = PBXGroup;
			children = (
				846A5F272658269B00BAD564 /* hepsiexpressUITests.swift */,
				846A5F292658269B00BAD564 /* Info.plist */,
			);
			path = hepsiexpressUITests;
			sourceTree = "<group>";
		};
		84C77EC7265826FA00E014FB /* Resources */ = {
			isa = PBXGroup;
			children = (
				846A5F0E2658269B00BAD564 /* Assets.xcassets */,
				846A5F102658269B00BAD564 /* LaunchScreen.storyboard */,
				846A5F132658269B00BAD564 /* Info.plist */,
			);
			path = Resources;
			sourceTree = "<group>";
		};
		84C77EC82658299C00E014FB /* AppDelegate */ = {
			isa = PBXGroup;
			children = (
				846A5F052658269A00BAD564 /* AppDelegate.swift */,
			);
			path = AppDelegate;
			sourceTree = "<group>";
		};
		84C77EC9265829AF00E014FB /* Application */ = {
			isa = PBXGroup;
			children = (
				84C77ECA265829B800E014FB /* Main */,
				84C77ED326582D7800E014FB /* Campaigns */,
			);
			path = Application;
			sourceTree = "<group>";
		};
		84C77ECA265829B800E014FB /* Main */ = {
			isa = PBXGroup;
			children = (
				84C77ECB265829C900E014FB /* MainViewController.swift */,
				8456541C26590F2400CEAE96 /* MainViewModel.swift */,
			);
			path = Main;
			sourceTree = "<group>";
		};
		84C77ECD26582A9400E014FB /* Networking */ = {
			isa = PBXGroup;
			children = (
				84C77ECE26582AAC00E014FB /* APIs */,
				84C77ECF26582AB100E014FB /* Request */,
				84C77ED026582AB700E014FB /* Response */,
			);
			path = Networking;
			sourceTree = "<group>";
		};
		84C77ECE26582AAC00E014FB /* APIs */ = {
			isa = PBXGroup;
			children = (
				84C77EDF26590A8A00E014FB /* CampaignsAPI.swift */,
			);
			path = APIs;
			sourceTree = "<group>";
		};
		84C77ECF26582AB100E014FB /* Request */ = {
			isa = PBXGroup;
			children = (
				84565425265A615D00CEAE96 /* CommonPageRequest.swift */,
			);
			path = Request;
			sourceTree = "<group>";
		};
		84C77ED026582AB700E014FB /* Response */ = {
			isa = PBXGroup;
			children = (
				84C77EE126590B3100E014FB /* CampaignResponse.swift */,
			);
			path = Response;
			sourceTree = "<group>";
		};
		84C77ED126582AC800E014FB /* Services */ = {
			isa = PBXGroup;
			children = (
				8456541E2659146B00CEAE96 /* ObjectPairingService.swift */,
				84565429265A61C500CEAE96 /* ObjectConverterService.swift */,
			);
			path = Services;
			sourceTree = "<group>";
		};
		84C77ED226582AE000E014FB /* Extensions */ = {
			isa = PBXGroup;
			children = (
				8456542B265AA00F00CEAE96 /* String+Extension.swift */,
				84565427265A61A000CEAE96 /* RequestBodyConvertable.swift */,
			);
			path = Extensions;
			sourceTree = "<group>";
		};
		84C77ED326582D7800E014FB /* Campaigns */ = {
			isa = PBXGroup;
			children = (
				84C77ED426582D8500E014FB /* CampaignsViewController.swift */,
				84C77ED626582D8F00E014FB /* CampaignsViewModel.swift */,
				8456542026596F6800CEAE96 /* Cells */,
			);
			path = Campaigns;
			sourceTree = "<group>";
		};
		84C77ED826582DBB00E014FB /* BaseClasses */ = {
			isa = PBXGroup;
			children = (
				84C77ED926582DC700E014FB /* BaseViewController.swift */,
				84C77EDB26582DCE00E014FB /* BaseViewModel.swift */,
				84C77EDD2658785000E014FB /* BaseAPI.swift */,
			);
			path = BaseClasses;
			sourceTree = "<group>";
		};
		FBDB3C6F07CF01E203A7D2D7 /* Frameworks */ = {
			isa = PBXGroup;
			children = (
				570DC3AAA384F27B538A4BC5 /* Pods_hepsiexpress.framework */,
				09978396B3DA97081D5EF126 /* Pods_hepsiexpress_hepsiexpressUITests.framework */,
				D1E49A807EAAB5890F00BDE3 /* Pods_hepsiexpressTests.framework */,
			);
			name = Frameworks;
			sourceTree = "<group>";
		};
/* End PBXGroup section */

/* Begin PBXNativeTarget section */
		846A5F012658269A00BAD564 /* hepsiexpress */ = {
			isa = PBXNativeTarget;
			buildConfigurationList = 846A5F2C2658269B00BAD564 /* Build configuration list for PBXNativeTarget "hepsiexpress" */;
			buildPhases = (
				461BD5858AC147B0368F808A /* [CP] Check Pods Manifest.lock */,
				846A5EFE2658269A00BAD564 /* Sources */,
				846A5EFF2658269A00BAD564 /* Frameworks */,
				846A5F002658269A00BAD564 /* Resources */,
				47A7D09BCD18D43087006540 /* [CP] Embed Pods Frameworks */,
			);
			buildRules = (
			);
			dependencies = (
			);
			name = hepsiexpress;
			productName = hepsiexpress;
			productReference = 846A5F022658269A00BAD564 /* hepsiexpress.app */;
			productType = "com.apple.product-type.application";
		};
		846A5F172658269B00BAD564 /* hepsiexpressTests */ = {
			isa = PBXNativeTarget;
			buildConfigurationList = 846A5F2F2658269B00BAD564 /* Build configuration list for PBXNativeTarget "hepsiexpressTests" */;
			buildPhases = (
				239D122632B9951E669B10B4 /* [CP] Check Pods Manifest.lock */,
				846A5F142658269B00BAD564 /* Sources */,
				846A5F152658269B00BAD564 /* Frameworks */,
				846A5F162658269B00BAD564 /* Resources */,
			);
			buildRules = (
			);
			dependencies = (
				846A5F1A2658269B00BAD564 /* PBXTargetDependency */,
			);
			name = hepsiexpressTests;
			productName = hepsiexpressTests;
			productReference = 846A5F182658269B00BAD564 /* hepsiexpressTests.xctest */;
			productType = "com.apple.product-type.bundle.unit-test";
		};
		846A5F222658269B00BAD564 /* hepsiexpressUITests */ = {
			isa = PBXNativeTarget;
			buildConfigurationList = 846A5F322658269B00BAD564 /* Build configuration list for PBXNativeTarget "hepsiexpressUITests" */;
			buildPhases = (
				C24336DED81195CC94C25747 /* [CP] Check Pods Manifest.lock */,
				846A5F1F2658269B00BAD564 /* Sources */,
				846A5F202658269B00BAD564 /* Frameworks */,
				846A5F212658269B00BAD564 /* Resources */,
				FF802BBF99F2413F914E6335 /* [CP] Embed Pods Frameworks */,
			);
			buildRules = (
			);
			dependencies = (
				846A5F252658269B00BAD564 /* PBXTargetDependency */,
			);
			name = hepsiexpressUITests;
			productName = hepsiexpressUITests;
			productReference = 846A5F232658269B00BAD564 /* hepsiexpressUITests.xctest */;
			productType = "com.apple.product-type.bundle.ui-testing";
		};
/* End PBXNativeTarget section */

/* Begin PBXProject section */
		846A5EFA2658269A00BAD564 /* Project object */ = {
			isa = PBXProject;
			attributes = {
				LastSwiftUpdateCheck = 1250;
				LastUpgradeCheck = 1250;
				TargetAttributes = {
					846A5F012658269A00BAD564 = {
						CreatedOnToolsVersion = 12.5;
					};
					846A5F172658269B00BAD564 = {
						CreatedOnToolsVersion = 12.5;
						TestTargetID = 846A5F012658269A00BAD564;
					};
					846A5F222658269B00BAD564 = {
						CreatedOnToolsVersion = 12.5;
						TestTargetID = 846A5F012658269A00BAD564;
					};
				};
			};
			buildConfigurationList = 846A5EFD2658269A00BAD564 /* Build configuration list for PBXProject "hepsiexpress" */;
			compatibilityVersion = "Xcode 9.3";
			developmentRegion = en;
			hasScannedForEncodings = 0;
			knownRegions = (
				en,
				Base,
			);
			mainGroup = 846A5EF92658269A00BAD564;
			productRefGroup = 846A5F032658269A00BAD564 /* Products */;
			projectDirPath = "";
			projectRoot = "";
			targets = (
				846A5F012658269A00BAD564 /* hepsiexpress */,
				846A5F172658269B00BAD564 /* hepsiexpressTests */,
				846A5F222658269B00BAD564 /* hepsiexpressUITests */,
			);
		};
/* End PBXProject section */

/* Begin PBXResourcesBuildPhase section */
		846A5F002658269A00BAD564 /* Resources */ = {
			isa = PBXResourcesBuildPhase;
			buildActionMask = 2147483647;
			files = (
				846A5F122658269B00BAD564 /* LaunchScreen.storyboard in Resources */,
				846A5F0F2658269B00BAD564 /* Assets.xcassets in Resources */,
			);
			runOnlyForDeploymentPostprocessing = 0;
		};
		846A5F162658269B00BAD564 /* Resources */ = {
			isa = PBXResourcesBuildPhase;
			buildActionMask = 2147483647;
			files = (
			);
			runOnlyForDeploymentPostprocessing = 0;
		};
		846A5F212658269B00BAD564 /* Resources */ = {
			isa = PBXResourcesBuildPhase;
			buildActionMask = 2147483647;
			files = (
			);
			runOnlyForDeploymentPostprocessing = 0;
		};
/* End PBXResourcesBuildPhase section */

/* Begin PBXShellScriptBuildPhase section */
		239D122632B9951E669B10B4 /* [CP] Check Pods Manifest.lock */ = {
			isa = PBXShellScriptBuildPhase;
			buildActionMask = 2147483647;
			files = (
			);
			inputFileListPaths = (
			);
			inputPaths = (
				"${PODS_PODFILE_DIR_PATH}/Podfile.lock",
				"${PODS_ROOT}/Manifest.lock",
			);
			name = "[CP] Check Pods Manifest.lock";
			outputFileListPaths = (
			);
			outputPaths = (
				"$(DERIVED_FILE_DIR)/Pods-hepsiexpressTests-checkManifestLockResult.txt",
			);
			runOnlyForDeploymentPostprocessing = 0;
			shellPath = /bin/sh;
			shellScript = "diff \"${PODS_PODFILE_DIR_PATH}/Podfile.lock\" \"${PODS_ROOT}/Manifest.lock\" > /dev/null\nif [ $? != 0 ] ; then\n    # print error to STDERR\n    echo \"error: The sandbox is not in sync with the Podfile.lock. Run 'pod install' or update your CocoaPods installation.\" >&2\n    exit 1\nfi\n# This output is used by Xcode 'outputs' to avoid re-running this script phase.\necho \"SUCCESS\" > \"${SCRIPT_OUTPUT_FILE_0}\"\n";
			showEnvVarsInLog = 0;
		};
		461BD5858AC147B0368F808A /* [CP] Check Pods Manifest.lock */ = {
			isa = PBXShellScriptBuildPhase;
			buildActionMask = 2147483647;
			files = (
			);
			inputFileListPaths = (
			);
			inputPaths = (
				"${PODS_PODFILE_DIR_PATH}/Podfile.lock",
				"${PODS_ROOT}/Manifest.lock",
			);
			name = "[CP] Check Pods Manifest.lock";
			outputFileListPaths = (
			);
			outputPaths = (
				"$(DERIVED_FILE_DIR)/Pods-hepsiexpress-checkManifestLockResult.txt",
			);
			runOnlyForDeploymentPostprocessing = 0;
			shellPath = /bin/sh;
			shellScript = "diff \"${PODS_PODFILE_DIR_PATH}/Podfile.lock\" \"${PODS_ROOT}/Manifest.lock\" > /dev/null\nif [ $? != 0 ] ; then\n    # print error to STDERR\n    echo \"error: The sandbox is not in sync with the Podfile.lock. Run 'pod install' or update your CocoaPods installation.\" >&2\n    exit 1\nfi\n# This output is used by Xcode 'outputs' to avoid re-running this script phase.\necho \"SUCCESS\" > \"${SCRIPT_OUTPUT_FILE_0}\"\n";
			showEnvVarsInLog = 0;
		};
		47A7D09BCD18D43087006540 /* [CP] Embed Pods Frameworks */ = {
			isa = PBXShellScriptBuildPhase;
			buildActionMask = 2147483647;
			files = (
			);
			inputFileListPaths = (
				"${PODS_ROOT}/Target Support Files/Pods-hepsiexpress/Pods-hepsiexpress-frameworks-${CONFIGURATION}-input-files.xcfilelist",
			);
			name = "[CP] Embed Pods Frameworks";
			outputFileListPaths = (
				"${PODS_ROOT}/Target Support Files/Pods-hepsiexpress/Pods-hepsiexpress-frameworks-${CONFIGURATION}-output-files.xcfilelist",
			);
			runOnlyForDeploymentPostprocessing = 0;
			shellPath = /bin/sh;
			shellScript = "\"${PODS_ROOT}/Target Support Files/Pods-hepsiexpress/Pods-hepsiexpress-frameworks.sh\"\n";
			showEnvVarsInLog = 0;
		};
		C24336DED81195CC94C25747 /* [CP] Check Pods Manifest.lock */ = {
			isa = PBXShellScriptBuildPhase;
			buildActionMask = 2147483647;
			files = (
			);
			inputFileListPaths = (
			);
			inputPaths = (
				"${PODS_PODFILE_DIR_PATH}/Podfile.lock",
				"${PODS_ROOT}/Manifest.lock",
			);
			name = "[CP] Check Pods Manifest.lock";
			outputFileListPaths = (
			);
			outputPaths = (
				"$(DERIVED_FILE_DIR)/Pods-hepsiexpress-hepsiexpressUITests-checkManifestLockResult.txt",
			);
			runOnlyForDeploymentPostprocessing = 0;
			shellPath = /bin/sh;
			shellScript = "diff \"${PODS_PODFILE_DIR_PATH}/Podfile.lock\" \"${PODS_ROOT}/Manifest.lock\" > /dev/null\nif [ $? != 0 ] ; then\n    # print error to STDERR\n    echo \"error: The sandbox is not in sync with the Podfile.lock. Run 'pod install' or update your CocoaPods installation.\" >&2\n    exit 1\nfi\n# This output is used by Xcode 'outputs' to avoid re-running this script phase.\necho \"SUCCESS\" > \"${SCRIPT_OUTPUT_FILE_0}\"\n";
			showEnvVarsInLog = 0;
		};
		FF802BBF99F2413F914E6335 /* [CP] Embed Pods Frameworks */ = {
			isa = PBXShellScriptBuildPhase;
			buildActionMask = 2147483647;
			files = (
			);
			inputFileListPaths = (
				"${PODS_ROOT}/Target Support Files/Pods-hepsiexpress-hepsiexpressUITests/Pods-hepsiexpress-hepsiexpressUITests-frameworks-${CONFIGURATION}-input-files.xcfilelist",
			);
			name = "[CP] Embed Pods Frameworks";
			outputFileListPaths = (
				"${PODS_ROOT}/Target Support Files/Pods-hepsiexpress-hepsiexpressUITests/Pods-hepsiexpress-hepsiexpressUITests-frameworks-${CONFIGURATION}-output-files.xcfilelist",
			);
			runOnlyForDeploymentPostprocessing = 0;
			shellPath = /bin/sh;
			shellScript = "\"${PODS_ROOT}/Target Support Files/Pods-hepsiexpress-hepsiexpressUITests/Pods-hepsiexpress-hepsiexpressUITests-frameworks.sh\"\n";
			showEnvVarsInLog = 0;
		};
/* End PBXShellScriptBuildPhase section */

/* Begin PBXSourcesBuildPhase section */
		846A5EFE2658269A00BAD564 /* Sources */ = {
			isa = PBXSourcesBuildPhase;
			buildActionMask = 2147483647;
			files = (
				84C77EDA26582DC700E014FB /* BaseViewController.swift in Sources */,
				84C77ED526582D8500E014FB /* CampaignsViewController.swift in Sources */,
				84C77ECC265829C900E014FB /* MainViewController.swift in Sources */,
				84565428265A61A000CEAE96 /* RequestBodyConvertable.swift in Sources */,
				84C77ED726582D8F00E014FB /* CampaignsViewModel.swift in Sources */,
				846A5F062658269A00BAD564 /* AppDelegate.swift in Sources */,
				8456541D26590F2400CEAE96 /* MainViewModel.swift in Sources */,
				8456542A265A61C500CEAE96 /* ObjectConverterService.swift in Sources */,
				8456542C265AA00F00CEAE96 /* String+Extension.swift in Sources */,
				8456541F2659146B00CEAE96 /* ObjectPairingService.swift in Sources */,
				84C77EDC26582DCE00E014FB /* BaseViewModel.swift in Sources */,
				84C77EE026590A8A00E014FB /* CampaignsAPI.swift in Sources */,
				8456542426596FAB00CEAE96 /* BannerTableViewCell.swift in Sources */,
				8456542226596F7500CEAE96 /* HotDealTableViewCell.swift in Sources */,
				84565426265A615D00CEAE96 /* CommonPageRequest.swift in Sources */,
				84C77EDE2658785000E014FB /* BaseAPI.swift in Sources */,
				84C77EE226590B3100E014FB /* CampaignResponse.swift in Sources */,
			);
			runOnlyForDeploymentPostprocessing = 0;
		};
		846A5F142658269B00BAD564 /* Sources */ = {
			isa = PBXSourcesBuildPhase;
			buildActionMask = 2147483647;
			files = (
				846A5F1D2658269B00BAD564 /* hepsiexpressTests.swift in Sources */,
			);
			runOnlyForDeploymentPostprocessing = 0;
		};
		846A5F1F2658269B00BAD564 /* Sources */ = {
			isa = PBXSourcesBuildPhase;
			buildActionMask = 2147483647;
			files = (
				846A5F282658269B00BAD564 /* hepsiexpressUITests.swift in Sources */,
			);
			runOnlyForDeploymentPostprocessing = 0;
		};
/* End PBXSourcesBuildPhase section */

/* Begin PBXTargetDependency section */
		846A5F1A2658269B00BAD564 /* PBXTargetDependency */ = {
			isa = PBXTargetDependency;
			target = 846A5F012658269A00BAD564 /* hepsiexpress */;
			targetProxy = 846A5F192658269B00BAD564 /* PBXContainerItemProxy */;
		};
		846A5F252658269B00BAD564 /* PBXTargetDependency */ = {
			isa = PBXTargetDependency;
			target = 846A5F012658269A00BAD564 /* hepsiexpress */;
			targetProxy = 846A5F242658269B00BAD564 /* PBXContainerItemProxy */;
		};
/* End PBXTargetDependency section */

/* Begin PBXVariantGroup section */
		846A5F102658269B00BAD564 /* LaunchScreen.storyboard */ = {
			isa = PBXVariantGroup;
			children = (
				846A5F112658269B00BAD564 /* Base */,
			);
			name = LaunchScreen.storyboard;
			sourceTree = "<group>";
		};
/* End PBXVariantGroup section */

/* Begin XCBuildConfiguration section */
		846A5F2A2658269B00BAD564 /* Debug */ = {
			isa = XCBuildConfiguration;
			buildSettings = {
				ALWAYS_SEARCH_USER_PATHS = NO;
				CLANG_ANALYZER_NONNULL = YES;
				CLANG_ANALYZER_NUMBER_OBJECT_CONVERSION = YES_AGGRESSIVE;
				CLANG_CXX_LANGUAGE_STANDARD = "gnu++14";
				CLANG_CXX_LIBRARY = "libc++";
				CLANG_ENABLE_MODULES = YES;
				CLANG_ENABLE_OBJC_ARC = YES;
				CLANG_ENABLE_OBJC_WEAK = YES;
				CLANG_WARN_BLOCK_CAPTURE_AUTORELEASING = YES;
				CLANG_WARN_BOOL_CONVERSION = YES;
				CLANG_WARN_COMMA = YES;
				CLANG_WARN_CONSTANT_CONVERSION = YES;
				CLANG_WARN_DEPRECATED_OBJC_IMPLEMENTATIONS = YES;
				CLANG_WARN_DIRECT_OBJC_ISA_USAGE = YES_ERROR;
				CLANG_WARN_DOCUMENTATION_COMMENTS = YES;
				CLANG_WARN_EMPTY_BODY = YES;
				CLANG_WARN_ENUM_CONVERSION = YES;
				CLANG_WARN_INFINITE_RECURSION = YES;
				CLANG_WARN_INT_CONVERSION = YES;
				CLANG_WARN_NON_LITERAL_NULL_CONVERSION = YES;
				CLANG_WARN_OBJC_IMPLICIT_RETAIN_SELF = YES;
				CLANG_WARN_OBJC_LITERAL_CONVERSION = YES;
				CLANG_WARN_OBJC_ROOT_CLASS = YES_ERROR;
				CLANG_WARN_QUOTED_INCLUDE_IN_FRAMEWORK_HEADER = YES;
				CLANG_WARN_RANGE_LOOP_ANALYSIS = YES;
				CLANG_WARN_STRICT_PROTOTYPES = YES;
				CLANG_WARN_SUSPICIOUS_MOVE = YES;
				CLANG_WARN_UNGUARDED_AVAILABILITY = YES_AGGRESSIVE;
				CLANG_WARN_UNREACHABLE_CODE = YES;
				CLANG_WARN__DUPLICATE_METHOD_MATCH = YES;
				COPY_PHASE_STRIP = NO;
				DEBUG_INFORMATION_FORMAT = dwarf;
				ENABLE_STRICT_OBJC_MSGSEND = YES;
				ENABLE_TESTABILITY = YES;
				GCC_C_LANGUAGE_STANDARD = gnu11;
				GCC_DYNAMIC_NO_PIC = NO;
				GCC_NO_COMMON_BLOCKS = YES;
				GCC_OPTIMIZATION_LEVEL = 0;
				GCC_PREPROCESSOR_DEFINITIONS = (
					"DEBUG=1",
					"$(inherited)",
				);
				GCC_WARN_64_TO_32_BIT_CONVERSION = YES;
				GCC_WARN_ABOUT_RETURN_TYPE = YES_ERROR;
				GCC_WARN_UNDECLARED_SELECTOR = YES;
				GCC_WARN_UNINITIALIZED_AUTOS = YES_AGGRESSIVE;
				GCC_WARN_UNUSED_FUNCTION = YES;
				GCC_WARN_UNUSED_VARIABLE = YES;
				IPHONEOS_DEPLOYMENT_TARGET = 14.5;
				MTL_ENABLE_DEBUG_INFO = INCLUDE_SOURCE;
				MTL_FAST_MATH = YES;
				ONLY_ACTIVE_ARCH = YES;
				SDKROOT = iphoneos;
				SWIFT_ACTIVE_COMPILATION_CONDITIONS = DEBUG;
				SWIFT_OPTIMIZATION_LEVEL = "-Onone";
			};
			name = Debug;
		};
		846A5F2B2658269B00BAD564 /* Release */ = {
			isa = XCBuildConfiguration;
			buildSettings = {
				ALWAYS_SEARCH_USER_PATHS = NO;
				CLANG_ANALYZER_NONNULL = YES;
				CLANG_ANALYZER_NUMBER_OBJECT_CONVERSION = YES_AGGRESSIVE;
				CLANG_CXX_LANGUAGE_STANDARD = "gnu++14";
				CLANG_CXX_LIBRARY = "libc++";
				CLANG_ENABLE_MODULES = YES;
				CLANG_ENABLE_OBJC_ARC = YES;
				CLANG_ENABLE_OBJC_WEAK = YES;
				CLANG_WARN_BLOCK_CAPTURE_AUTORELEASING = YES;
				CLANG_WARN_BOOL_CONVERSION = YES;
				CLANG_WARN_COMMA = YES;
				CLANG_WARN_CONSTANT_CONVERSION = YES;
				CLANG_WARN_DEPRECATED_OBJC_IMPLEMENTATIONS = YES;
				CLANG_WARN_DIRECT_OBJC_ISA_USAGE = YES_ERROR;
				CLANG_WARN_DOCUMENTATION_COMMENTS = YES;
				CLANG_WARN_EMPTY_BODY = YES;
				CLANG_WARN_ENUM_CONVERSION = YES;
				CLANG_WARN_INFINITE_RECURSION = YES;
				CLANG_WARN_INT_CONVERSION = YES;
				CLANG_WARN_NON_LITERAL_NULL_CONVERSION = YES;
				CLANG_WARN_OBJC_IMPLICIT_RETAIN_SELF = YES;
				CLANG_WARN_OBJC_LITERAL_CONVERSION = YES;
				CLANG_WARN_OBJC_ROOT_CLASS = YES_ERROR;
				CLANG_WARN_QUOTED_INCLUDE_IN_FRAMEWORK_HEADER = YES;
				CLANG_WARN_RANGE_LOOP_ANALYSIS = YES;
				CLANG_WARN_STRICT_PROTOTYPES = YES;
				CLANG_WARN_SUSPICIOUS_MOVE = YES;
				CLANG_WARN_UNGUARDED_AVAILABILITY = YES_AGGRESSIVE;
				CLANG_WARN_UNREACHABLE_CODE = YES;
				CLANG_WARN__DUPLICATE_METHOD_MATCH = YES;
				COPY_PHASE_STRIP = NO;
				DEBUG_INFORMATION_FORMAT = "dwarf-with-dsym";
				ENABLE_NS_ASSERTIONS = NO;
				ENABLE_STRICT_OBJC_MSGSEND = YES;
				GCC_C_LANGUAGE_STANDARD = gnu11;
				GCC_NO_COMMON_BLOCKS = YES;
				GCC_WARN_64_TO_32_BIT_CONVERSION = YES;
				GCC_WARN_ABOUT_RETURN_TYPE = YES_ERROR;
				GCC_WARN_UNDECLARED_SELECTOR = YES;
				GCC_WARN_UNINITIALIZED_AUTOS = YES_AGGRESSIVE;
				GCC_WARN_UNUSED_FUNCTION = YES;
				GCC_WARN_UNUSED_VARIABLE = YES;
				IPHONEOS_DEPLOYMENT_TARGET = 14.5;
				MTL_ENABLE_DEBUG_INFO = NO;
				MTL_FAST_MATH = YES;
				SDKROOT = iphoneos;
				SWIFT_COMPILATION_MODE = wholemodule;
				SWIFT_OPTIMIZATION_LEVEL = "-O";
				VALIDATE_PRODUCT = YES;
			};
			name = Release;
		};
		846A5F2D2658269B00BAD564 /* Debug */ = {
			isa = XCBuildConfiguration;
			baseConfigurationReference = 932BDCCF4DB0DB8D8349A535 /* Pods-hepsiexpress.debug.xcconfig */;
			buildSettings = {
				ASSETCATALOG_COMPILER_APPICON_NAME = AppIcon;
				ASSETCATALOG_COMPILER_GLOBAL_ACCENT_COLOR_NAME = AccentColor;
				CODE_SIGN_STYLE = Automatic;
				DEVELOPMENT_TEAM = H5L839368Y;
				INFOPLIST_FILE = hepsiexpress/Resources/Info.plist;
				IPHONEOS_DEPLOYMENT_TARGET = 11.0;
				LD_RUNPATH_SEARCH_PATHS = (
					"$(inherited)",
					"@executable_path/Frameworks",
				);
				PRODUCT_BUNDLE_IDENTIFIER = com.abdurrahmansanli.hepsiexpress;
				PRODUCT_NAME = "$(TARGET_NAME)";
				SWIFT_VERSION = 5.0;
				TARGETED_DEVICE_FAMILY = "1,2";
			};
			name = Debug;
		};
		846A5F2E2658269B00BAD564 /* Release */ = {
			isa = XCBuildConfiguration;
			baseConfigurationReference = 387FEA4011401791B9A53734 /* Pods-hepsiexpress.release.xcconfig */;
			buildSettings = {
				ASSETCATALOG_COMPILER_APPICON_NAME = AppIcon;
				ASSETCATALOG_COMPILER_GLOBAL_ACCENT_COLOR_NAME = AccentColor;
				CODE_SIGN_STYLE = Automatic;
				DEVELOPMENT_TEAM = H5L839368Y;
				INFOPLIST_FILE = hepsiexpress/Resources/Info.plist;
				IPHONEOS_DEPLOYMENT_TARGET = 11.0;
				LD_RUNPATH_SEARCH_PATHS = (
					"$(inherited)",
					"@executable_path/Frameworks",
				);
				PRODUCT_BUNDLE_IDENTIFIER = com.abdurrahmansanli.hepsiexpress;
				PRODUCT_NAME = "$(TARGET_NAME)";
				SWIFT_VERSION = 5.0;
				TARGETED_DEVICE_FAMILY = "1,2";
			};
			name = Release;
		};
		846A5F302658269B00BAD564 /* Debug */ = {
			isa = XCBuildConfiguration;
			baseConfigurationReference = F2BC4A66166F2612A8927E17 /* Pods-hepsiexpressTests.debug.xcconfig */;
			buildSettings = {
				ALWAYS_EMBED_SWIFT_STANDARD_LIBRARIES = YES;
				BUNDLE_LOADER = "$(TEST_HOST)";
				CODE_SIGN_STYLE = Automatic;
				DEVELOPMENT_TEAM = H5L839368Y;
				INFOPLIST_FILE = hepsiexpressTests/Info.plist;
				IPHONEOS_DEPLOYMENT_TARGET = 14.5;
				LD_RUNPATH_SEARCH_PATHS = (
					"$(inherited)",
					"@executable_path/Frameworks",
					"@loader_path/Frameworks",
				);
				PRODUCT_BUNDLE_IDENTIFIER = com.abdurrahmansanli.hepsiexpressTests;
				PRODUCT_NAME = "$(TARGET_NAME)";
				SWIFT_VERSION = 5.0;
				TARGETED_DEVICE_FAMILY = "1,2";
				TEST_HOST = "$(BUILT_PRODUCTS_DIR)/hepsiexpress.app/hepsiexpress";
			};
			name = Debug;
		};
		846A5F312658269B00BAD564 /* Release */ = {
			isa = XCBuildConfiguration;
			baseConfigurationReference = A378B1CB09357DF73A6F9F8E /* Pods-hepsiexpressTests.release.xcconfig */;
			buildSettings = {
				ALWAYS_EMBED_SWIFT_STANDARD_LIBRARIES = YES;
				BUNDLE_LOADER = "$(TEST_HOST)";
				CODE_SIGN_STYLE = Automatic;
				DEVELOPMENT_TEAM = H5L839368Y;
				INFOPLIST_FILE = hepsiexpressTests/Info.plist;
				IPHONEOS_DEPLOYMENT_TARGET = 14.5;
				LD_RUNPATH_SEARCH_PATHS = (
					"$(inherited)",
					"@executable_path/Frameworks",
					"@loader_path/Frameworks",
				);
				PRODUCT_BUNDLE_IDENTIFIER = com.abdurrahmansanli.hepsiexpressTests;
				PRODUCT_NAME = "$(TARGET_NAME)";
				SWIFT_VERSION = 5.0;
				TARGETED_DEVICE_FAMILY = "1,2";
				TEST_HOST = "$(BUILT_PRODUCTS_DIR)/hepsiexpress.app/hepsiexpress";
			};
			name = Release;
		};
		846A5F332658269B00BAD564 /* Debug */ = {
			isa = XCBuildConfiguration;
			baseConfigurationReference = 3A514084AE9FC05077E95075 /* Pods-hepsiexpress-hepsiexpressUITests.debug.xcconfig */;
			buildSettings = {
				ALWAYS_EMBED_SWIFT_STANDARD_LIBRARIES = YES;
				CODE_SIGN_STYLE = Automatic;
				DEVELOPMENT_TEAM = H5L839368Y;
				INFOPLIST_FILE = hepsiexpressUITests/Info.plist;
				LD_RUNPATH_SEARCH_PATHS = (
					"$(inherited)",
					"@executable_path/Frameworks",
					"@loader_path/Frameworks",
				);
				PRODUCT_BUNDLE_IDENTIFIER = com.abdurrahmansanli.hepsiexpressUITests;
				PRODUCT_NAME = "$(TARGET_NAME)";
				SWIFT_VERSION = 5.0;
				TARGETED_DEVICE_FAMILY = "1,2";
				TEST_TARGET_NAME = hepsiexpress;
			};
			name = Debug;
		};
		846A5F342658269B00BAD564 /* Release */ = {
			isa = XCBuildConfiguration;
			baseConfigurationReference = 01B8995A6CF9710482DE9743 /* Pods-hepsiexpress-hepsiexpressUITests.release.xcconfig */;
			buildSettings = {
				ALWAYS_EMBED_SWIFT_STANDARD_LIBRARIES = YES;
				CODE_SIGN_STYLE = Automatic;
				DEVELOPMENT_TEAM = H5L839368Y;
				INFOPLIST_FILE = hepsiexpressUITests/Info.plist;
				LD_RUNPATH_SEARCH_PATHS = (
					"$(inherited)",
					"@executable_path/Frameworks",
					"@loader_path/Frameworks",
				);
				PRODUCT_BUNDLE_IDENTIFIER = com.abdurrahmansanli.hepsiexpressUITests;
				PRODUCT_NAME = "$(TARGET_NAME)";
				SWIFT_VERSION = 5.0;
				TARGETED_DEVICE_FAMILY = "1,2";
				TEST_TARGET_NAME = hepsiexpress;
			};
			name = Release;
		};
/* End XCBuildConfiguration section */

/* Begin XCConfigurationList section */
		846A5EFD2658269A00BAD564 /* Build configuration list for PBXProject "hepsiexpress" */ = {
			isa = XCConfigurationList;
			buildConfigurations = (
				846A5F2A2658269B00BAD564 /* Debug */,
				846A5F2B2658269B00BAD564 /* Release */,
			);
			defaultConfigurationIsVisible = 0;
			defaultConfigurationName = Release;
		};
		846A5F2C2658269B00BAD564 /* Build configuration list for PBXNativeTarget "hepsiexpress" */ = {
			isa = XCConfigurationList;
			buildConfigurations = (
				846A5F2D2658269B00BAD564 /* Debug */,
				846A5F2E2658269B00BAD564 /* Release */,
			);
			defaultConfigurationIsVisible = 0;
			defaultConfigurationName = Release;
		};
		846A5F2F2658269B00BAD564 /* Build configuration list for PBXNativeTarget "hepsiexpressTests" */ = {
			isa = XCConfigurationList;
			buildConfigurations = (
				846A5F302658269B00BAD564 /* Debug */,
				846A5F312658269B00BAD564 /* Release */,
			);
			defaultConfigurationIsVisible = 0;
			defaultConfigurationName = Release;
		};
		846A5F322658269B00BAD564 /* Build configuration list for PBXNativeTarget "hepsiexpressUITests" */ = {
			isa = XCConfigurationList;
			buildConfigurations = (
				846A5F332658269B00BAD564 /* Debug */,
				846A5F342658269B00BAD564 /* Release */,
			);
			defaultConfigurationIsVisible = 0;
			defaultConfigurationName = Release;
		};
/* End XCConfigurationList section */
	};
	rootObject = 846A5EFA2658269A00BAD564 /* Project object */;
}
